// !$*UTF8*$!
{
	archiveVersion = 1;
	classes = {
	};
	objectVersion = 46;
	objects = {

/* Begin PBXBuildFile section */
		1F2400741C1435450009CDA6 /* StickersViewController.swift in Sources */ = {isa = PBXBuildFile; fileRef = 1F2400731C1435450009CDA6 /* StickersViewController.swift */; settings = {ASSET_TAGS = (); }; };
		1F2400771C1443040009CDA6 /* StickersCollectionViewCell.swift in Sources */ = {isa = PBXBuildFile; fileRef = 1F2400751C1443040009CDA6 /* StickersCollectionViewCell.swift */; settings = {ASSET_TAGS = (); }; };
		1F2400781C1443040009CDA6 /* StickersCollectionViewCell.xib in Resources */ = {isa = PBXBuildFile; fileRef = 1F2400761C1443040009CDA6 /* StickersCollectionViewCell.xib */; settings = {ASSET_TAGS = (); }; };
		1F24007A1C1454110009CDA6 /* FeaturedViewController.swift in Sources */ = {isa = PBXBuildFile; fileRef = 1F2400791C1454110009CDA6 /* FeaturedViewController.swift */; settings = {ASSET_TAGS = (); }; };
		1F24007E1C14564B0009CDA6 /* FeaturedSuspectsTableViewCell.xib in Resources */ = {isa = PBXBuildFile; fileRef = 1F24007C1C14564B0009CDA6 /* FeaturedSuspectsTableViewCell.xib */; settings = {ASSET_TAGS = (); }; };
		1F2400811C1456790009CDA6 /* FeaturedSuspectsTableViewCell.swift in Sources */ = {isa = PBXBuildFile; fileRef = 1F24007F1C1456790009CDA6 /* FeaturedSuspectsTableViewCell.swift */; settings = {ASSET_TAGS = (); }; };
		1F2400851C1456A10009CDA6 /* FeaturedTriviasTableViewCell.swift in Sources */ = {isa = PBXBuildFile; fileRef = 1F2400831C1456A10009CDA6 /* FeaturedTriviasTableViewCell.swift */; settings = {ASSET_TAGS = (); }; };
		1F2400861C1456A10009CDA6 /* FeaturedTriviasTableViewCell.xib in Resources */ = {isa = PBXBuildFile; fileRef = 1F2400841C1456A10009CDA6 /* FeaturedTriviasTableViewCell.xib */; settings = {ASSET_TAGS = (); }; };
		1F2400891C1456D80009CDA6 /* FeaturedStuffsTableViewCell.swift in Sources */ = {isa = PBXBuildFile; fileRef = 1F2400871C1456D80009CDA6 /* FeaturedStuffsTableViewCell.swift */; settings = {ASSET_TAGS = (); }; };
		1F24008A1C1456D80009CDA6 /* FeaturedStuffsTableViewCell.xib in Resources */ = {isa = PBXBuildFile; fileRef = 1F2400881C1456D80009CDA6 /* FeaturedStuffsTableViewCell.xib */; settings = {ASSET_TAGS = (); }; };
		1F24008C1C1459910009CDA6 /* FeaturedTableViewHeaderCell.swift in Sources */ = {isa = PBXBuildFile; fileRef = 1F24008B1C1459910009CDA6 /* FeaturedTableViewHeaderCell.swift */; settings = {ASSET_TAGS = (); }; };
		1F2400921C145A850009CDA6 /* FeaturedTableViewHeaderCell.xib in Resources */ = {isa = PBXBuildFile; fileRef = 1F2400901C145A850009CDA6 /* FeaturedTableViewHeaderCell.xib */; settings = {ASSET_TAGS = (); }; };
		1F4A825F1C12FED500B0B20E /* .gitignore in Resources */ = {isa = PBXBuildFile; fileRef = 1F4A825E1C12FED500B0B20E /* .gitignore */; settings = {ASSET_TAGS = (); }; };
		1F4C04651C141CD300D29D67 /* SuspectInfoViewController.swift in Sources */ = {isa = PBXBuildFile; fileRef = 1F4C04641C141CD300D29D67 /* SuspectInfoViewController.swift */; settings = {ASSET_TAGS = (); }; };
		1F4C04671C141CFD00D29D67 /* SuspectStickersViewController.swift in Sources */ = {isa = PBXBuildFile; fileRef = 1F4C04661C141CFD00D29D67 /* SuspectStickersViewController.swift */; settings = {ASSET_TAGS = (); }; };
		1F4C046A1C141F9400D29D67 /* SuspectStickersTableViewCell.swift in Sources */ = {isa = PBXBuildFile; fileRef = 1F4C04681C141F9400D29D67 /* SuspectStickersTableViewCell.swift */; settings = {ASSET_TAGS = (); }; };
		1F4C046B1C141F9400D29D67 /* SuspectStickersTableViewCell.xib in Resources */ = {isa = PBXBuildFile; fileRef = 1F4C04691C141F9400D29D67 /* SuspectStickersTableViewCell.xib */; settings = {ASSET_TAGS = (); }; };
		1F5EC99A1C13F2CB00C272B4 /* SuspectsViewController.swift in Sources */ = {isa = PBXBuildFile; fileRef = 1F5EC9991C13F2CB00C272B4 /* SuspectsViewController.swift */; settings = {ASSET_TAGS = (); }; };
		1F5EC99F1C13F48900C272B4 /* SuspectsCollectionViewCell.swift in Sources */ = {isa = PBXBuildFile; fileRef = 1F5EC99D1C13F48900C272B4 /* SuspectsCollectionViewCell.swift */; settings = {ASSET_TAGS = (); }; };
		1F5EC9A01C13F48900C272B4 /* SuspectsCollectionViewCell.xib in Resources */ = {isa = PBXBuildFile; fileRef = 1F5EC99E1C13F48900C272B4 /* SuspectsCollectionViewCell.xib */; settings = {ASSET_TAGS = (); }; };
		1F5EC9A21C14010800C272B4 /* SuspectDetailViewController.swift in Sources */ = {isa = PBXBuildFile; fileRef = 1F5EC9A11C14010800C272B4 /* SuspectDetailViewController.swift */; settings = {ASSET_TAGS = (); }; };
		1F97D2CC1C121B27009B8BF3 /* CaseDetailViewController.swift in Sources */ = {isa = PBXBuildFile; fileRef = 1F97D2CB1C121B27009B8BF3 /* CaseDetailViewController.swift */; settings = {ASSET_TAGS = (); }; };
		1FA08F3A1C11E976008AFA1F /* CasesViewController.swift in Sources */ = {isa = PBXBuildFile; fileRef = 1FA08F391C11E976008AFA1F /* CasesViewController.swift */; settings = {ASSET_TAGS = (); }; };
		1FA08F3D1C11ED29008AFA1F /* CasesTableViewCell.swift in Sources */ = {isa = PBXBuildFile; fileRef = 1FA08F3B1C11ED29008AFA1F /* CasesTableViewCell.swift */; settings = {ASSET_TAGS = (); }; };
		1FA08F3E1C11ED29008AFA1F /* CasesTableViewCell.xib in Resources */ = {isa = PBXBuildFile; fileRef = 1FA08F3C1C11ED29008AFA1F /* CasesTableViewCell.xib */; settings = {ASSET_TAGS = (); }; };
		1FA08F401C11F963008AFA1F /* LaunchScreen.xib in Resources */ = {isa = PBXBuildFile; fileRef = 1FA08F3F1C11F963008AFA1F /* LaunchScreen.xib */; settings = {ASSET_TAGS = (); }; };
		1FE8369E1C11E68A007A84A2 /* AppDelegate.swift in Sources */ = {isa = PBXBuildFile; fileRef = 1FE8369D1C11E68A007A84A2 /* AppDelegate.swift */; };
		1FE836A31C11E68A007A84A2 /* Main.storyboard in Resources */ = {isa = PBXBuildFile; fileRef = 1FE836A11C11E68A007A84A2 /* Main.storyboard */; };
		1FE836A51C11E68A007A84A2 /* Assets.xcassets in Resources */ = {isa = PBXBuildFile; fileRef = 1FE836A41C11E68A007A84A2 /* Assets.xcassets */; };
		1FFFF63C1C12F86600CC619F /* CasePhaseViewController.swift in Sources */ = {isa = PBXBuildFile; fileRef = 1FFFF63B1C12F86600CC619F /* CasePhaseViewController.swift */; settings = {ASSET_TAGS = (); }; };
		48BFE7447E55DDC471DAD3E4 /* Pods.framework in Frameworks */ = {isa = PBXBuildFile; fileRef = 3F26460BA0EC4EC60B49E491 /* Pods.framework */; settings = {ATTRIBUTES = (Weak, ); }; };
/* End PBXBuildFile section */

/* Begin PBXFileReference section */
		1F2400731C1435450009CDA6 /* StickersViewController.swift */ = {isa = PBXFileReference; fileEncoding = 4; lastKnownFileType = sourcecode.swift; path = StickersViewController.swift; sourceTree = "<group>"; };
		1F2400751C1443040009CDA6 /* StickersCollectionViewCell.swift */ = {isa = PBXFileReference; fileEncoding = 4; lastKnownFileType = sourcecode.swift; path = StickersCollectionViewCell.swift; sourceTree = "<group>"; };
		1F2400761C1443040009CDA6 /* StickersCollectionViewCell.xib */ = {isa = PBXFileReference; fileEncoding = 4; lastKnownFileType = file.xib; path = StickersCollectionViewCell.xib; sourceTree = "<group>"; };
		1F2400791C1454110009CDA6 /* FeaturedViewController.swift */ = {isa = PBXFileReference; fileEncoding = 4; lastKnownFileType = sourcecode.swift; path = FeaturedViewController.swift; sourceTree = "<group>"; };
		1F24007C1C14564B0009CDA6 /* FeaturedSuspectsTableViewCell.xib */ = {isa = PBXFileReference; fileEncoding = 4; lastKnownFileType = file.xib; path = FeaturedSuspectsTableViewCell.xib; sourceTree = "<group>"; };
		1F24007F1C1456790009CDA6 /* FeaturedSuspectsTableViewCell.swift */ = {isa = PBXFileReference; fileEncoding = 4; lastKnownFileType = sourcecode.swift; path = FeaturedSuspectsTableViewCell.swift; sourceTree = "<group>"; };
		1F2400831C1456A10009CDA6 /* FeaturedTriviasTableViewCell.swift */ = {isa = PBXFileReference; fileEncoding = 4; lastKnownFileType = sourcecode.swift; path = FeaturedTriviasTableViewCell.swift; sourceTree = "<group>"; };
		1F2400841C1456A10009CDA6 /* FeaturedTriviasTableViewCell.xib */ = {isa = PBXFileReference; fileEncoding = 4; lastKnownFileType = file.xib; path = FeaturedTriviasTableViewCell.xib; sourceTree = "<group>"; };
		1F2400871C1456D80009CDA6 /* FeaturedStuffsTableViewCell.swift */ = {isa = PBXFileReference; fileEncoding = 4; lastKnownFileType = sourcecode.swift; path = FeaturedStuffsTableViewCell.swift; sourceTree = "<group>"; };
		1F2400881C1456D80009CDA6 /* FeaturedStuffsTableViewCell.xib */ = {isa = PBXFileReference; fileEncoding = 4; lastKnownFileType = file.xib; path = FeaturedStuffsTableViewCell.xib; sourceTree = "<group>"; };
		1F24008B1C1459910009CDA6 /* FeaturedTableViewHeaderCell.swift */ = {isa = PBXFileReference; fileEncoding = 4; lastKnownFileType = sourcecode.swift; path = FeaturedTableViewHeaderCell.swift; sourceTree = "<group>"; };
		1F2400901C145A850009CDA6 /* FeaturedTableViewHeaderCell.xib */ = {isa = PBXFileReference; fileEncoding = 4; lastKnownFileType = file.xib; path = FeaturedTableViewHeaderCell.xib; sourceTree = "<group>"; };
		1F4A825E1C12FED500B0B20E /* .gitignore */ = {isa = PBXFileReference; fileEncoding = 4; lastKnownFileType = text; path = .gitignore; sourceTree = "<group>"; };
		1F4C04641C141CD300D29D67 /* SuspectInfoViewController.swift */ = {isa = PBXFileReference; fileEncoding = 4; lastKnownFileType = sourcecode.swift; path = SuspectInfoViewController.swift; sourceTree = "<group>"; };
		1F4C04661C141CFD00D29D67 /* SuspectStickersViewController.swift */ = {isa = PBXFileReference; fileEncoding = 4; lastKnownFileType = sourcecode.swift; path = SuspectStickersViewController.swift; sourceTree = "<group>"; };
		1F4C04681C141F9400D29D67 /* SuspectStickersTableViewCell.swift */ = {isa = PBXFileReference; fileEncoding = 4; lastKnownFileType = sourcecode.swift; path = SuspectStickersTableViewCell.swift; sourceTree = "<group>"; };
		1F4C04691C141F9400D29D67 /* SuspectStickersTableViewCell.xib */ = {isa = PBXFileReference; fileEncoding = 4; lastKnownFileType = file.xib; path = SuspectStickersTableViewCell.xib; sourceTree = "<group>"; };
		1F5EC9991C13F2CB00C272B4 /* SuspectsViewController.swift */ = {isa = PBXFileReference; fileEncoding = 4; lastKnownFileType = sourcecode.swift; path = SuspectsViewController.swift; sourceTree = "<group>"; };
		1F5EC99D1C13F48900C272B4 /* SuspectsCollectionViewCell.swift */ = {isa = PBXFileReference; fileEncoding = 4; lastKnownFileType = sourcecode.swift; path = SuspectsCollectionViewCell.swift; sourceTree = "<group>"; };
		1F5EC99E1C13F48900C272B4 /* SuspectsCollectionViewCell.xib */ = {isa = PBXFileReference; fileEncoding = 4; lastKnownFileType = file.xib; path = SuspectsCollectionViewCell.xib; sourceTree = "<group>"; };
		1F5EC9A11C14010800C272B4 /* SuspectDetailViewController.swift */ = {isa = PBXFileReference; fileEncoding = 4; lastKnownFileType = sourcecode.swift; path = SuspectDetailViewController.swift; sourceTree = "<group>"; };
		1F97D2CB1C121B27009B8BF3 /* CaseDetailViewController.swift */ = {isa = PBXFileReference; fileEncoding = 4; lastKnownFileType = sourcecode.swift; path = CaseDetailViewController.swift; sourceTree = "<group>"; };
		1FA08F391C11E976008AFA1F /* CasesViewController.swift */ = {isa = PBXFileReference; fileEncoding = 4; lastKnownFileType = sourcecode.swift; path = CasesViewController.swift; sourceTree = "<group>"; };
		1FA08F3B1C11ED29008AFA1F /* CasesTableViewCell.swift */ = {isa = PBXFileReference; fileEncoding = 4; lastKnownFileType = sourcecode.swift; path = CasesTableViewCell.swift; sourceTree = "<group>"; };
		1FA08F3C1C11ED29008AFA1F /* CasesTableViewCell.xib */ = {isa = PBXFileReference; fileEncoding = 4; lastKnownFileType = file.xib; path = CasesTableViewCell.xib; sourceTree = "<group>"; };
		1FA08F3F1C11F963008AFA1F /* LaunchScreen.xib */ = {isa = PBXFileReference; fileEncoding = 4; lastKnownFileType = file.xib; path = LaunchScreen.xib; sourceTree = "<group>"; };
		1FE8369A1C11E68A007A84A2 /* SIKK.app */ = {isa = PBXFileReference; explicitFileType = wrapper.application; includeInIndex = 0; path = SIKK.app; sourceTree = BUILT_PRODUCTS_DIR; };
		1FE8369D1C11E68A007A84A2 /* AppDelegate.swift */ = {isa = PBXFileReference; lastKnownFileType = sourcecode.swift; path = AppDelegate.swift; sourceTree = "<group>"; };
		1FE836A21C11E68A007A84A2 /* Base */ = {isa = PBXFileReference; lastKnownFileType = file.storyboard; name = Base; path = Base.lproj/Main.storyboard; sourceTree = "<group>"; };
		1FE836A41C11E68A007A84A2 /* Assets.xcassets */ = {isa = PBXFileReference; lastKnownFileType = folder.assetcatalog; path = Assets.xcassets; sourceTree = "<group>"; };
		1FE836A91C11E68A007A84A2 /* Info.plist */ = {isa = PBXFileReference; lastKnownFileType = text.plist.xml; path = Info.plist; sourceTree = "<group>"; };
		1FFFF63B1C12F86600CC619F /* CasePhaseViewController.swift */ = {isa = PBXFileReference; fileEncoding = 4; lastKnownFileType = sourcecode.swift; path = CasePhaseViewController.swift; sourceTree = "<group>"; };
		3F26460BA0EC4EC60B49E491 /* Pods.framework */ = {isa = PBXFileReference; explicitFileType = wrapper.framework; includeInIndex = 0; path = Pods.framework; sourceTree = BUILT_PRODUCTS_DIR; };
		963096FC1C922A69A1CE775B /* Pods.debug.xcconfig */ = {isa = PBXFileReference; includeInIndex = 1; lastKnownFileType = text.xcconfig; name = Pods.debug.xcconfig; path = "Pods/Target Support Files/Pods/Pods.debug.xcconfig"; sourceTree = "<group>"; };
		E606D3F974A7E1B22D565A5F /* Pods.release.xcconfig */ = {isa = PBXFileReference; includeInIndex = 1; lastKnownFileType = text.xcconfig; name = Pods.release.xcconfig; path = "Pods/Target Support Files/Pods/Pods.release.xcconfig"; sourceTree = "<group>"; };
/* End PBXFileReference section */

/* Begin PBXFrameworksBuildPhase section */
		1FE836971C11E68A007A84A2 /* Frameworks */ = {
			isa = PBXFrameworksBuildPhase;
			buildActionMask = 2147483647;
			files = (
				48BFE7447E55DDC471DAD3E4 /* Pods.framework in Frameworks */,
			);
			runOnlyForDeploymentPostprocessing = 0;
		};
/* End PBXFrameworksBuildPhase section */

/* Begin PBXGroup section */
		1FA08F311C11E7F5008AFA1F /* Models */ = {
			isa = PBXGroup;
			children = (
			);
			name = Models;
			sourceTree = "<group>";
		};
		1FA08F321C11E7FE008AFA1F /* Views */ = {
			isa = PBXGroup;
			children = (
				1F24008B1C1459910009CDA6 /* FeaturedTableViewHeaderCell.swift */,
				1F2400871C1456D80009CDA6 /* FeaturedStuffsTableViewCell.swift */,
				1F24007F1C1456790009CDA6 /* FeaturedSuspectsTableViewCell.swift */,
				1F2400831C1456A10009CDA6 /* FeaturedTriviasTableViewCell.swift */,
				1FA08F3B1C11ED29008AFA1F /* CasesTableViewCell.swift */,
				1F5EC99D1C13F48900C272B4 /* SuspectsCollectionViewCell.swift */,
				1F4C04681C141F9400D29D67 /* SuspectStickersTableViewCell.swift */,
				1F2400751C1443040009CDA6 /* StickersCollectionViewCell.swift */,
			);
			name = Views;
			sourceTree = "<group>";
		};
		1FA08F331C11E805008AFA1F /* Controllers */ = {
			isa = PBXGroup;
			children = (
				1F2400791C1454110009CDA6 /* FeaturedViewController.swift */,
				1FA08F391C11E976008AFA1F /* CasesViewController.swift */,
				1F97D2CB1C121B27009B8BF3 /* CaseDetailViewController.swift */,
				1FFFF63B1C12F86600CC619F /* CasePhaseViewController.swift */,
				1F5EC9991C13F2CB00C272B4 /* SuspectsViewController.swift */,
				1F5EC9A11C14010800C272B4 /* SuspectDetailViewController.swift */,
				1F4C04641C141CD300D29D67 /* SuspectInfoViewController.swift */,
				1F4C04661C141CFD00D29D67 /* SuspectStickersViewController.swift */,
				1F2400731C1435450009CDA6 /* StickersViewController.swift */,
			);
			name = Controllers;
			sourceTree = "<group>";
		};
		1FA08F351C11E827008AFA1F /* Helpers */ = {
			isa = PBXGroup;
			children = (
			);
			name = Helpers;
			sourceTree = "<group>";
		};
		1FA08F361C11E834008AFA1F /* Supporting Files */ = {
			isa = PBXGroup;
			children = (
				1FE836A91C11E68A007A84A2 /* Info.plist */,
				1FE836A41C11E68A007A84A2 /* Assets.xcassets */,
			);
			name = "Supporting Files";
			sourceTree = "<group>";
		};
		1FA08F371C11E845008AFA1F /* IB Files */ = {
			isa = PBXGroup;
			children = (
				1F2400901C145A850009CDA6 /* FeaturedTableViewHeaderCell.xib */,
				1F2400881C1456D80009CDA6 /* FeaturedStuffsTableViewCell.xib */,
				1F24007C1C14564B0009CDA6 /* FeaturedSuspectsTableViewCell.xib */,
				1F2400841C1456A10009CDA6 /* FeaturedTriviasTableViewCell.xib */,
				1FA08F3C1C11ED29008AFA1F /* CasesTableViewCell.xib */,
				1F5EC99E1C13F48900C272B4 /* SuspectsCollectionViewCell.xib */,
				1F4C04691C141F9400D29D67 /* SuspectStickersTableViewCell.xib */,
				1F2400761C1443040009CDA6 /* StickersCollectionViewCell.xib */,
				1FA08F3F1C11F963008AFA1F /* LaunchScreen.xib */,
			);
			name = "IB Files";
			sourceTree = "<group>";
		};
		1FA08F381C11E8A9008AFA1F /* Interactors */ = {
			isa = PBXGroup;
			children = (
			);
			name = Interactors;
			sourceTree = "<group>";
		};
		1FE836911C11E68A007A84A2 = {
			isa = PBXGroup;
			children = (
				1F4A825E1C12FED500B0B20E /* .gitignore */,
				1FE8369C1C11E68A007A84A2 /* SIKK */,
				1FE8369B1C11E68A007A84A2 /* Products */,
				4B845DC540FEC475EE7F5E6C /* Pods */,
				C3C6036541ADCE553C1B915F /* Frameworks */,
			);
			sourceTree = "<group>";
		};
		1FE8369B1C11E68A007A84A2 /* Products */ = {
			isa = PBXGroup;
			children = (
				1FE8369A1C11E68A007A84A2 /* SIKK.app */,
			);
			name = Products;
			sourceTree = "<group>";
		};
		1FE8369C1C11E68A007A84A2 /* SIKK */ = {
			isa = PBXGroup;
			children = (
				1FA08F351C11E827008AFA1F /* Helpers */,
				1FA08F331C11E805008AFA1F /* Controllers */,
				1FA08F381C11E8A9008AFA1F /* Interactors */,
				1FA08F311C11E7F5008AFA1F /* Models */,
				1FA08F321C11E7FE008AFA1F /* Views */,
				1FA08F371C11E845008AFA1F /* IB Files */,
				1FA08F361C11E834008AFA1F /* Supporting Files */,
				1FE8369D1C11E68A007A84A2 /* AppDelegate.swift */,
				1FE836A11C11E68A007A84A2 /* Main.storyboard */,
			);
			path = SIKK;
			sourceTree = "<group>";
		};
		4B845DC540FEC475EE7F5E6C /* Pods */ = {
			isa = PBXGroup;
			children = (
				963096FC1C922A69A1CE775B /* Pods.debug.xcconfig */,
				E606D3F974A7E1B22D565A5F /* Pods.release.xcconfig */,
			);
			name = Pods;
			sourceTree = "<group>";
		};
		C3C6036541ADCE553C1B915F /* Frameworks */ = {
			isa = PBXGroup;
			children = (
				3F26460BA0EC4EC60B49E491 /* Pods.framework */,
			);
			name = Frameworks;
			sourceTree = "<group>";
		};
/* End PBXGroup section */

/* Begin PBXNativeTarget section */
		1FE836991C11E68A007A84A2 /* SIKK */ = {
			isa = PBXNativeTarget;
			buildConfigurationList = 1FE836AC1C11E68A007A84A2 /* Build configuration list for PBXNativeTarget "SIKK" */;
			buildPhases = (
				D5B495793FEFF4AFC42D1D72 /* Check Pods Manifest.lock */,
				1FE836961C11E68A007A84A2 /* Sources */,
				1FE836971C11E68A007A84A2 /* Frameworks */,
				1FE836981C11E68A007A84A2 /* Resources */,
				FDFAAF4AF5D97C05977E055C /* Embed Pods Frameworks */,
				4C3F7E047B2C2BA347306BCE /* Copy Pods Resources */,
			);
			buildRules = (
			);
			dependencies = (
			);
			name = SIKK;
			productName = SIKK;
			productReference = 1FE8369A1C11E68A007A84A2 /* SIKK.app */;
			productType = "com.apple.product-type.application";
		};
/* End PBXNativeTarget section */

/* Begin PBXProject section */
		1FE836921C11E68A007A84A2 /* Project object */ = {
			isa = PBXProject;
			attributes = {
				LastUpgradeCheck = 0700;
				ORGANIZATIONNAME = "Senyum Manis";
				TargetAttributes = {
					1FE836991C11E68A007A84A2 = {
						CreatedOnToolsVersion = 7.0;
						DevelopmentTeam = 7PY6LPKH2H;
					};
				};
			};
			buildConfigurationList = 1FE836951C11E68A007A84A2 /* Build configuration list for PBXProject "SIKK" */;
			compatibilityVersion = "Xcode 3.2";
			developmentRegion = English;
			hasScannedForEncodings = 0;
			knownRegions = (
				en,
				Base,
			);
			mainGroup = 1FE836911C11E68A007A84A2;
			productRefGroup = 1FE8369B1C11E68A007A84A2 /* Products */;
			projectDirPath = "";
			projectRoot = "";
			targets = (
				1FE836991C11E68A007A84A2 /* SIKK */,
			);
		};
/* End PBXProject section */

/* Begin PBXResourcesBuildPhase section */
		1FE836981C11E68A007A84A2 /* Resources */ = {
			isa = PBXResourcesBuildPhase;
			buildActionMask = 2147483647;
			files = (
				1F5EC9A01C13F48900C272B4 /* SuspectsCollectionViewCell.xib in Resources */,
				1F4A825F1C12FED500B0B20E /* .gitignore in Resources */,
				1F24008A1C1456D80009CDA6 /* FeaturedStuffsTableViewCell.xib in Resources */,
				1F24007E1C14564B0009CDA6 /* FeaturedSuspectsTableViewCell.xib in Resources */,
				1F4C046B1C141F9400D29D67 /* SuspectStickersTableViewCell.xib in Resources */,
				1FA08F401C11F963008AFA1F /* LaunchScreen.xib in Resources */,
				1F2400861C1456A10009CDA6 /* FeaturedTriviasTableViewCell.xib in Resources */,
				1FA08F3E1C11ED29008AFA1F /* CasesTableViewCell.xib in Resources */,
				1FE836A51C11E68A007A84A2 /* Assets.xcassets in Resources */,
				1F2400781C1443040009CDA6 /* StickersCollectionViewCell.xib in Resources */,
				1FE836A31C11E68A007A84A2 /* Main.storyboard in Resources */,
				1F2400921C145A850009CDA6 /* FeaturedTableViewHeaderCell.xib in Resources */,
			);
			runOnlyForDeploymentPostprocessing = 0;
		};
/* End PBXResourcesBuildPhase section */

/* Begin PBXShellScriptBuildPhase section */
		4C3F7E047B2C2BA347306BCE /* Copy Pods Resources */ = {
			isa = PBXShellScriptBuildPhase;
			buildActionMask = 2147483647;
			files = (
			);
			inputPaths = (
			);
			name = "Copy Pods Resources";
			outputPaths = (
			);
			runOnlyForDeploymentPostprocessing = 0;
			shellPath = /bin/sh;
			shellScript = "\"${SRCROOT}/Pods/Target Support Files/Pods/Pods-resources.sh\"\n";
			showEnvVarsInLog = 0;
		};
		D5B495793FEFF4AFC42D1D72 /* Check Pods Manifest.lock */ = {
			isa = PBXShellScriptBuildPhase;
			buildActionMask = 2147483647;
			files = (
			);
			inputPaths = (
			);
			name = "Check Pods Manifest.lock";
			outputPaths = (
			);
			runOnlyForDeploymentPostprocessing = 0;
			shellPath = /bin/sh;
			shellScript = "diff \"${PODS_ROOT}/../Podfile.lock\" \"${PODS_ROOT}/Manifest.lock\" > /dev/null\nif [[ $? != 0 ]] ; then\n    cat << EOM\nerror: The sandbox is not in sync with the Podfile.lock. Run 'pod install' or update your CocoaPods installation.\nEOM\n    exit 1\nfi\n";
			showEnvVarsInLog = 0;
		};
		FDFAAF4AF5D97C05977E055C /* Embed Pods Frameworks */ = {
			isa = PBXShellScriptBuildPhase;
			buildActionMask = 2147483647;
			files = (
			);
			inputPaths = (
			);
			name = "Embed Pods Frameworks";
			outputPaths = (
			);
			runOnlyForDeploymentPostprocessing = 0;
			shellPath = /bin/sh;
			shellScript = "\"${SRCROOT}/Pods/Target Support Files/Pods/Pods-frameworks.sh\"\n";
			showEnvVarsInLog = 0;
		};
/* End PBXShellScriptBuildPhase section */

/* Begin PBXSourcesBuildPhase section */
		1FE836961C11E68A007A84A2 /* Sources */ = {
			isa = PBXSourcesBuildPhase;
			buildActionMask = 2147483647;
			files = (
				1F2400851C1456A10009CDA6 /* FeaturedTriviasTableViewCell.swift in Sources */,
				1F4C04671C141CFD00D29D67 /* SuspectStickersViewController.swift in Sources */,
				1F4C04651C141CD300D29D67 /* SuspectInfoViewController.swift in Sources */,
				1FA08F3A1C11E976008AFA1F /* CasesViewController.swift in Sources */,
				1F2400811C1456790009CDA6 /* FeaturedSuspectsTableViewCell.swift in Sources */,
				1FE8369E1C11E68A007A84A2 /* AppDelegate.swift in Sources */,
				1F5EC99F1C13F48900C272B4 /* SuspectsCollectionViewCell.swift in Sources */,
				1F5EC99A1C13F2CB00C272B4 /* SuspectsViewController.swift in Sources */,
				1F2400891C1456D80009CDA6 /* FeaturedStuffsTableViewCell.swift in Sources */,
				1F2400771C1443040009CDA6 /* StickersCollectionViewCell.swift in Sources */,
				1F4C046A1C141F9400D29D67 /* SuspectStickersTableViewCell.swift in Sources */,
				1FFFF63C1C12F86600CC619F /* CasePhaseViewController.swift in Sources */,
				1FA08F3D1C11ED29008AFA1F /* CasesTableViewCell.swift in Sources */,
				1F24007A1C1454110009CDA6 /* FeaturedViewController.swift in Sources */,
				1F24008C1C1459910009CDA6 /* FeaturedTableViewHeaderCell.swift in Sources */,
				1F97D2CC1C121B27009B8BF3 /* CaseDetailViewController.swift in Sources */,
				1F2400741C1435450009CDA6 /* StickersViewController.swift in Sources */,
				1F5EC9A21C14010800C272B4 /* SuspectDetailViewController.swift in Sources */,
			);
			runOnlyForDeploymentPostprocessing = 0;
		};
/* End PBXSourcesBuildPhase section */

/* Begin PBXVariantGroup section */
		1FE836A11C11E68A007A84A2 /* Main.storyboard */ = {
			isa = PBXVariantGroup;
			children = (
				1FE836A21C11E68A007A84A2 /* Base */,
			);
			name = Main.storyboard;
			sourceTree = "<group>";
		};
/* End PBXVariantGroup section */

/* Begin XCBuildConfiguration section */
		1FE836AA1C11E68A007A84A2 /* Debug */ = {
			isa = XCBuildConfiguration;
			buildSettings = {
				ALWAYS_SEARCH_USER_PATHS = NO;
				CLANG_CXX_LANGUAGE_STANDARD = "gnu++0x";
				CLANG_CXX_LIBRARY = "libc++";
				CLANG_ENABLE_MODULES = YES;
				CLANG_ENABLE_OBJC_ARC = YES;
				CLANG_WARN_BOOL_CONVERSION = YES;
				CLANG_WARN_CONSTANT_CONVERSION = YES;
				CLANG_WARN_DIRECT_OBJC_ISA_USAGE = YES_ERROR;
				CLANG_WARN_EMPTY_BODY = YES;
				CLANG_WARN_ENUM_CONVERSION = YES;
				CLANG_WARN_INT_CONVERSION = YES;
				CLANG_WARN_OBJC_ROOT_CLASS = YES_ERROR;
				CLANG_WARN_UNREACHABLE_CODE = YES;
				CLANG_WARN__DUPLICATE_METHOD_MATCH = YES;
				"CODE_SIGN_IDENTITY[sdk=iphoneos*]" = "iPhone Developer";
				COPY_PHASE_STRIP = NO;
				DEBUG_INFORMATION_FORMAT = dwarf;
				ENABLE_STRICT_OBJC_MSGSEND = YES;
				ENABLE_TESTABILITY = YES;
				GCC_C_LANGUAGE_STANDARD = gnu99;
				GCC_DYNAMIC_NO_PIC = NO;
				GCC_NO_COMMON_BLOCKS = YES;
				GCC_OPTIMIZATION_LEVEL = 0;
				GCC_PREPROCESSOR_DEFINITIONS = (
					"DEBUG=1",
					"$(inherited)",
				);
				GCC_WARN_64_TO_32_BIT_CONVERSION = YES;
				GCC_WARN_ABOUT_RETURN_TYPE = YES_ERROR;
				GCC_WARN_UNDECLARED_SELECTOR = YES;
				GCC_WARN_UNINITIALIZED_AUTOS = YES_AGGRESSIVE;
				GCC_WARN_UNUSED_FUNCTION = YES;
				GCC_WARN_UNUSED_VARIABLE = YES;
				IPHONEOS_DEPLOYMENT_TARGET = 9.0;
				MTL_ENABLE_DEBUG_INFO = YES;
				ONLY_ACTIVE_ARCH = YES;
				SDKROOT = iphoneos;
				SWIFT_OPTIMIZATION_LEVEL = "-Onone";
			};
			name = Debug;
		};
		1FE836AB1C11E68A007A84A2 /* Release */ = {
			isa = XCBuildConfiguration;
			buildSettings = {
				ALWAYS_SEARCH_USER_PATHS = NO;
				CLANG_CXX_LANGUAGE_STANDARD = "gnu++0x";
				CLANG_CXX_LIBRARY = "libc++";
				CLANG_ENABLE_MODULES = YES;
				CLANG_ENABLE_OBJC_ARC = YES;
				CLANG_WARN_BOOL_CONVERSION = YES;
				CLANG_WARN_CONSTANT_CONVERSION = YES;
				CLANG_WARN_DIRECT_OBJC_ISA_USAGE = YES_ERROR;
				CLANG_WARN_EMPTY_BODY = YES;
				CLANG_WARN_ENUM_CONVERSION = YES;
				CLANG_WARN_INT_CONVERSION = YES;
				CLANG_WARN_OBJC_ROOT_CLASS = YES_ERROR;
				CLANG_WARN_UNREACHABLE_CODE = YES;
				CLANG_WARN__DUPLICATE_METHOD_MATCH = YES;
				"CODE_SIGN_IDENTITY[sdk=iphoneos*]" = "iPhone Developer";
				COPY_PHASE_STRIP = NO;
				DEBUG_INFORMATION_FORMAT = "dwarf-with-dsym";
				ENABLE_NS_ASSERTIONS = NO;
				ENABLE_STRICT_OBJC_MSGSEND = YES;
				GCC_C_LANGUAGE_STANDARD = gnu99;
				GCC_NO_COMMON_BLOCKS = YES;
				GCC_WARN_64_TO_32_BIT_CONVERSION = YES;
				GCC_WARN_ABOUT_RETURN_TYPE = YES_ERROR;
				GCC_WARN_UNDECLARED_SELECTOR = YES;
				GCC_WARN_UNINITIALIZED_AUTOS = YES_AGGRESSIVE;
				GCC_WARN_UNUSED_FUNCTION = YES;
				GCC_WARN_UNUSED_VARIABLE = YES;
				IPHONEOS_DEPLOYMENT_TARGET = 9.0;
				MTL_ENABLE_DEBUG_INFO = NO;
				SDKROOT = iphoneos;
				VALIDATE_PRODUCT = YES;
			};
			name = Release;
		};
		1FE836AD1C11E68A007A84A2 /* Debug */ = {
			isa = XCBuildConfiguration;
			baseConfigurationReference = 963096FC1C922A69A1CE775B /* Pods.debug.xcconfig */;
			buildSettings = {
				ASSETCATALOG_COMPILER_APPICON_NAME = AppIcon;
				CODE_SIGN_IDENTITY = "iPhone Developer";
				INFOPLIST_FILE = SIKK/Info.plist;
				IPHONEOS_DEPLOYMENT_TARGET = 8.3;
				LD_RUNPATH_SEARCH_PATHS = "$(inherited) @executable_path/Frameworks";
				PRODUCT_BUNDLE_IDENTIFIER = com.senyummanja.sikk.SIKK;
				PRODUCT_NAME = "$(TARGET_NAME)";
			};
			name = Debug;
		};
		1FE836AE1C11E68A007A84A2 /* Release */ = {
			isa = XCBuildConfiguration;
			baseConfigurationReference = E606D3F974A7E1B22D565A5F /* Pods.release.xcconfig */;
			buildSettings = {
				ASSETCATALOG_COMPILER_APPICON_NAME = AppIcon;
				CODE_SIGN_IDENTITY = "iPhone Developer";
				INFOPLIST_FILE = SIKK/Info.plist;
				IPHONEOS_DEPLOYMENT_TARGET = 8.3;
				LD_RUNPATH_SEARCH_PATHS = "$(inherited) @executable_path/Frameworks";
				PRODUCT_BUNDLE_IDENTIFIER = com.senyummanja.sikk.SIKK;
				PRODUCT_NAME = "$(TARGET_NAME)";
			};
			name = Release;
		};
/* End XCBuildConfiguration section */

/* Begin XCConfigurationList section */
		1FE836951C11E68A007A84A2 /* Build configuration list for PBXProject "SIKK" */ = {
			isa = XCConfigurationList;
			buildConfigurations = (
				1FE836AA1C11E68A007A84A2 /* Debug */,
				1FE836AB1C11E68A007A84A2 /* Release */,
			);
			defaultConfigurationIsVisible = 0;
			defaultConfigurationName = Release;
		};
		1FE836AC1C11E68A007A84A2 /* Build configuration list for PBXNativeTarget "SIKK" */ = {
			isa = XCConfigurationList;
			buildConfigurations = (
				1FE836AD1C11E68A007A84A2 /* Debug */,
				1FE836AE1C11E68A007A84A2 /* Release */,
			);
			defaultConfigurationIsVisible = 0;
			defaultConfigurationName = Release;
		};
/* End XCConfigurationList section */
	};
	rootObject = 1FE836921C11E68A007A84A2 /* Project object */;
}
